
Microsoft Visual Studio Solution File, Format Version 12.00
# Visual Studio 14
VisualStudioVersion = 14.0.23107.0
MinimumVisualStudioVersion = 10.0.40219.1
Project("{FAE04EC0-301F-11D3-BF4B-00C04F79EFBC}") = "HW_Generics.Task1", "HW_Generics.Task1\HW_Generics.Task1.csproj", "{FEC6E7A5-31CE-463F-A4B9-17D56157159B}"
EndProject
Project("{FAE04EC0-301F-11D3-BF4B-00C04F79EFBC}") = "HW_Generics.Task2", "HW_Generics.Task2\HW_Generics.Task2.csproj", "{7C79A9B0-9CD2-4BC5-8D1A-7D2A41025DFC}"
EndProject
Project("{FAE04EC0-301F-11D3-BF4B-00C04F79EFBC}") = "HW_Generics.Task3", "HW_Generics.Task3\HW_Generics.Task3.csproj", "{0E6795EC-96D6-4F88-AB22-C4A4DE1A135A}"
EndProject
Project("{FAE04EC0-301F-11D3-BF4B-00C04F79EFBC}") = "HW_Generics.Task4", "HW_Generics.Task4\HW_Generics.Task4.csproj", "{56702AAE-DA5D-4DB0-8E2A-638D0D08193B}"
EndProject
Project("{FAE04EC0-301F-11D3-BF4B-00C04F79EFBC}") = "HW_Generics.Task5", "HW_Generics.Task5\HW_Generics.Task5.csproj", "{F38744A8-06E2-4F51-BBFE-B79E5850A140}"
EndProject
Global
	GlobalSection(SolutionConfigurationPlatforms) = preSolution
		Debug|Any CPU = Debug|Any CPU
		Release|Any CPU = Release|Any CPU
	EndGlobalSection
	GlobalSection(ProjectConfigurationPlatforms) = postSolution
		{FEC6E7A5-31CE-463F-A4B9-17D56157159B}.Debug|Any CPU.ActiveCfg = Debug|Any CPU
		{FEC6E7A5-31CE-463F-A4B9-17D56157159B}.Debug|Any CPU.Build.0 = Debug|Any CPU
		{FEC6E7A5-31CE-463F-A4B9-17D56157159B}.Release|Any CPU.ActiveCfg = Release|Any CPU
		{FEC6E7A5-31CE-463F-A4B9-17D56157159B}.Release|Any CPU.Build.0 = Release|Any CPU
		{7C79A9B0-9CD2-4BC5-8D1A-7D2A41025DFC}.Debug|Any CPU.ActiveCfg = Debug|Any CPU
		{7C79A9B0-9CD2-4BC5-8D1A-7D2A41025DFC}.Debug|Any CPU.Build.0 = Debug|Any CPU
		{7C79A9B0-9CD2-4BC5-8D1A-7D2A41025DFC}.Release|Any CPU.ActiveCfg = Release|Any CPU
		{7C79A9B0-9CD2-4BC5-8D1A-7D2A41025DFC}.Release|Any CPU.Build.0 = Release|Any CPU
		{0E6795EC-96D6-4F88-AB22-C4A4DE1A135A}.Debug|Any CPU.ActiveCfg = Debug|Any CPU
		{0E6795EC-96D6-4F88-AB22-C4A4DE1A135A}.Debug|Any CPU.Build.0 = Debug|Any CPU
		{0E6795EC-96D6-4F88-AB22-C4A4DE1A135A}.Release|Any CPU.ActiveCfg = Release|Any CPU
		{0E6795EC-96D6-4F88-AB22-C4A4DE1A135A}.Release|Any CPU.Build.0 = Release|Any CPU
		{56702AAE-DA5D-4DB0-8E2A-638D0D08193B}.Debug|Any CPU.ActiveCfg = Debug|Any CPU
		{56702AAE-DA5D-4DB0-8E2A-638D0D08193B}.Debug|Any CPU.Build.0 = Debug|Any CPU
		{56702AAE-DA5D-4DB0-8E2A-638D0D08193B}.Release|Any CPU.ActiveCfg = Release|Any CPU
		{56702AAE-DA5D-4DB0-8E2A-638D0D08193B}.Release|Any CPU.Build.0 = Release|Any CPU
		{F38744A8-06E2-4F51-BBFE-B79E5850A140}.Debug|Any CPU.ActiveCfg = Debug|Any CPU
		{F38744A8-06E2-4F51-BBFE-B79E5850A140}.Debug|Any CPU.Build.0 = Debug|Any CPU
		{F38744A8-06E2-4F51-BBFE-B79E5850A140}.Release|Any CPU.ActiveCfg = Release|Any CPU
		{F38744A8-06E2-4F51-BBFE-B79E5850A140}.Release|Any CPU.Build.0 = Release|Any CPU
	EndGlobalSection
	GlobalSection(SolutionProperties) = preSolution
		HideSolutionNode = FALSE
	EndGlobalSection
EndGlobal
